
Microsoft Visual Studio Solution File, Format Version 12.00
# Visual Studio 2015
Project("{FAE04EC0-301F-11D3-BF4B-00C04F79EFBC}") = "T2_NoWebPlayer.CSharp", "T2_NoWebPlayer.CSharp.csproj", "{6B571E14-E86B-D30A-B24F-9BA583D764E3}"
EndProject
Project("{FAE04EC0-301F-11D3-BF4B-00C04F79EFBC}") = "T2_NoWebPlayer.CSharp.Editor", "T2_NoWebPlayer.CSharp.Editor.csproj", "{93DCDA8F-DFE3-51FA-4BDB-BAE7D725FA0C}"
EndProject
Global
	GlobalSection(SolutionConfigurationPlatforms) = preSolution
		Debug|Any CPU = Debug|Any CPU
		Release|Any CPU = Release|Any CPU
	EndGlobalSection
	GlobalSection(ProjectConfigurationPlatforms) = postSolution
		{6B571E14-E86B-D30A-B24F-9BA583D764E3}.Debug|Any CPU.ActiveCfg = Debug|Any CPU
		{6B571E14-E86B-D30A-B24F-9BA583D764E3}.Debug|Any CPU.Build.0 = Debug|Any CPU
		{6B571E14-E86B-D30A-B24F-9BA583D764E3}.Release|Any CPU.ActiveCfg = Release|Any CPU
		{6B571E14-E86B-D30A-B24F-9BA583D764E3}.Release|Any CPU.Build.0 = Release|Any CPU
		{93DCDA8F-DFE3-51FA-4BDB-BAE7D725FA0C}.Debug|Any CPU.ActiveCfg = Debug|Any CPU
		{93DCDA8F-DFE3-51FA-4BDB-BAE7D725FA0C}.Debug|Any CPU.Build.0 = Debug|Any CPU
		{93DCDA8F-DFE3-51FA-4BDB-BAE7D725FA0C}.Release|Any CPU.ActiveCfg = Release|Any CPU
		{93DCDA8F-DFE3-51FA-4BDB-BAE7D725FA0C}.Release|Any CPU.Build.0 = Release|Any CPU
	EndGlobalSection
	GlobalSection(SolutionProperties) = preSolution
		HideSolutionNode = FALSE
	EndGlobalSection
EndGlobal
